
Microsoft Visual Studio Solution File, Format Version 12.00
# Visual Studio Version 17
VisualStudioVersion = 17.12.35728.132
MinimumVisualStudioVersion = 10.0.40219.1
Project("{FAE04EC0-301F-11D3-BF4B-00C04F79EFBC}") = "SimpLN", "SimpLN.csproj", "{670665DC-383A-4E09-B825-3D6EB4B6C8D6}"
EndProject
Global
	GlobalSection(SolutionConfigurationPlatforms) = preSolution
		Debug|Any CPU = Debug|Any CPU
		Release|Any CPU = Release|Any CPU
	EndGlobalSection
	GlobalSection(ProjectConfigurationPlatforms) = postSolution
		{670665DC-383A-4E09-B825-3D6EB4B6C8D6}.Debug|Any CPU.ActiveCfg = Debug|Any CPU
		{670665DC-383A-4E09-B825-3D6EB4B6C8D6}.Debug|Any CPU.Build.0 = Debug|Any CPU
		{670665DC-383A-4E09-B825-3D6EB4B6C8D6}.Release|Any CPU.ActiveCfg = Release|Any CPU
		{670665DC-383A-4E09-B825-3D6EB4B6C8D6}.Release|Any CPU.Build.0 = Release|Any CPU
	EndGlobalSection
	GlobalSection(SolutionProperties) = preSolution
		HideSolutionNode = FALSE
	EndGlobalSection
	GlobalSection(ExtensibilityGlobals) = postSolution
		SolutionGuid = {46B3B698-D500-439A-BC99-A042943AF9A7}
	EndGlobalSection
EndGlobal
